
Microsoft Visual Studio Solution File, Format Version 12.00
# Visual Studio Version 16
VisualStudioVersion = 16.0.30621.155
MinimumVisualStudioVersion = 10.0.40219.1
Project("{FAE04EC0-301F-11D3-BF4B-00C04F79EFBC}") = "LINQApplication", "LINQApplication.csproj", "{4B052BB0-B612-4762-B400-536DED634099}"
EndProject
Global
	GlobalSection(SolutionConfigurationPlatforms) = preSolution
		Debug|Any CPU = Debug|Any CPU
		Release|Any CPU = Release|Any CPU
	EndGlobalSection
	GlobalSection(ProjectConfigurationPlatforms) = postSolution
		{4B052BB0-B612-4762-B400-536DED634099}.Debug|Any CPU.ActiveCfg = Debug|Any CPU
		{4B052BB0-B612-4762-B400-536DED634099}.Debug|Any CPU.Build.0 = Debug|Any CPU
		{4B052BB0-B612-4762-B400-536DED634099}.Release|Any CPU.ActiveCfg = Release|Any CPU
		{4B052BB0-B612-4762-B400-536DED634099}.Release|Any CPU.Build.0 = Release|Any CPU
	EndGlobalSection
	GlobalSection(SolutionProperties) = preSolution
		HideSolutionNode = FALSE
	EndGlobalSection
	GlobalSection(ExtensibilityGlobals) = postSolution
		SolutionGuid = {ACCDD79B-400E-49C8-8985-D178A6BB6D64}
	EndGlobalSection
EndGlobal
